version = 1
revision = 3
requires-python = ">=3.10"
resolution-markers = [
    "python_full_version >= '3.11'",
    "python_full_version < '3.11'",
]

[[package]]
name = "finam-protos"
version = "1.0.1"
source = { editable = "." }
dependencies = [
    { name = "grpcio" },
    { name = "protobuf" },
]

[package.metadata]
requires-dist = [
    { name = "grpcio", specifier = "==1.72.0" },
    { name = "protobuf", specifier = ">=6.33.2" },
]

[[package]]
name = "grpcio"
version = "1.72.0"
source = { registry = "https://pypi.org/simple" }
sdist = { url = "https://files.pythonhosted.org/packages/c5/c6/83092aae07f9b776e95d1bc15a4ac5d26527affdffadc11abb354f72f563/grpcio-1.72.0.tar.gz", hash = "sha256:05aee9be958a580e169e1aa8987387bcd8be6ed7fc5c2a3a048b6a2b911473cd", size = 12588545, upload-time = "2025-04-25T13:33:37.774Z" }
wheels = [
    { url = "https://files.pythonhosted.org/packages/4c/84/79a2d6fdd070d8b233d20a1ef1f5eded654351405feaf89b69969bd9fad8/grpcio-1.72.0-cp310-cp310-linux_armv7l.whl", hash = "sha256:357ac3982493bdc36bd5557eca135c16a5122048b9d31878252ad08d1d1b0c0c", size = 5210845, upload-time = "2025-04-25T13:27:59.503Z" },
    { url = "https://files.pythonhosted.org/packages/63/3b/5bf399e83aac6738ca77eba4b995dd9075e047aedc93cb50e7a7a77db5c7/grpcio-1.72.0-cp310-cp310-macosx_11_0_universal2.whl", hash = "sha256:01cf5510a7040a802833432fd233cdb6b2a3ed52d37d7c89bcbd3c6853feadc7", size = 10336742, upload-time = "2025-04-25T13:28:02.421Z" },
    { url = "https://files.pythonhosted.org/packages/5c/5a/f70053d5b6034fe839560d41a595dff331d259134e2dbd29837eee55c6ed/grpcio-1.72.0-cp310-cp310-manylinux_2_17_aarch64.whl", hash = "sha256:c35ccca29c70e3a4215dda31b268def913f8a434ff487d375364e020afa4f467", size = 5610614, upload-time = "2025-04-25T13:28:05.592Z" },
    { url = "https://files.pythonhosted.org/packages/eb/89/1eef0cb983d33d587ce8d26ec92037901e5b6977e7309051788cb5d92161/grpcio-1.72.0-cp310-cp310-manylinux_2_17_i686.manylinux2014_i686.whl", hash = "sha256:08727549fc15e42df9f7592b787a65116476d33b656230e13e83b9c510ab7057", size = 6331569, upload-time = "2025-04-25T13:28:07.713Z" },
    { url = "https://files.pythonhosted.org/packages/c8/39/50a9a7ccb2b4b946f97be790f9e5a9d34467d9a096d13aea1d77e6bc496a/grpcio-1.72.0-cp310-cp310-manylinux_2_17_x86_64.manylinux2014_x86_64.whl", hash = "sha256:1dc3d20ae48a3b44fa0fad28b22184b9c0bdcf8440a5eed4c848fdd45bcebc8b", size = 5932669, upload-time = "2025-04-25T13:28:10.313Z" },
    { url = "https://files.pythonhosted.org/packages/ed/92/1ea1363a4cb3b56bf17cc06f916c319a33dc5c63d975448b97eb8324ffb0/grpcio-1.72.0-cp310-cp310-musllinux_1_1_aarch64.whl", hash = "sha256:c5485b51cb382c4aeaee6ef6b14ee9ecdf26d0558636ab69a3edfe16990ad784", size = 6038129, upload-time = "2025-04-25T13:28:12.977Z" },
    { url = "https://files.pythonhosted.org/packages/c5/ce/eaac3b5fca81f7dab939dccdfb831083031bbf852dcd229ff2630cd31199/grpcio-1.72.0-cp310-cp310-musllinux_1_1_i686.whl", hash = "sha256:25b2009fd23ac00c18b67a4df823f8728122b6c0ff000d05e010accebf9d07ff", size = 6657995, upload-time = "2025-04-25T13:28:15.655Z" },
    { url = "https://files.pythonhosted.org/packages/73/6f/d29afe723eff60ed35fa2e065d5343912eabf532b2891fd34bb9066bdbe8/grpcio-1.72.0-cp310-cp310-musllinux_1_1_x86_64.whl", hash = "sha256:0dc974d625ba5767eb620fff17987817b2e2deb266e8f0346d6a9c38ec046181", size = 6207237, upload-time = "2025-04-25T13:28:17.762Z" },
    { url = "https://files.pythonhosted.org/packages/2d/05/75e04d3a3bb59a092370546183e0ba314697f30127d4f22a76ba74d68cd1/grpcio-1.72.0-cp310-cp310-win32.whl", hash = "sha256:6cb395718b0eaf366f99bf55686b0f02ef9359321c0d593f5c6d86d366e34aad", size = 3625697, upload-time = "2025-04-25T13:28:20.368Z" },
    { url = "https://files.pythonhosted.org/packages/72/94/cdfac85dc7b920c973c841ff945d4244c8c4ca65a9a8f9e86b6bf732d3f9/grpcio-1.72.0-cp310-cp310-win_amd64.whl", hash = "sha256:0177a604fee43a85c09437f9095d4aa6e79a475a7b3ff8689f36da1fbc4d89b2", size = 4290479, upload-time = "2025-04-25T13:28:23.058Z" },
    { url = "https://files.pythonhosted.org/packages/b9/c6/33542aba32417848d4ae0495f4849acd1cc4f959f1a3cd9e3e97e48d9620/grpcio-1.72.0-cp311-cp311-linux_armv7l.whl", hash = "sha256:d68239da9e51215f5a00b5ab9e216180a218e5e155c3f8322581693af0a93e09", size = 5211057, upload-time = "2025-04-25T13:28:25.781Z" },
    { url = "https://files.pythonhosted.org/packages/95/2f/f2f8c0c0ed1ff29d159ec7023639dc18f145cc977702022d06ae97a4a20e/grpcio-1.72.0-cp311-cp311-macosx_11_0_universal2.whl", hash = "sha256:b2aad9eb7f874ff680b8e6ec293f4dfe43c175710d64c2c0c388a27f51a8821b", size = 10348568, upload-time = "2025-04-25T13:28:28.198Z" },
    { url = "https://files.pythonhosted.org/packages/6f/44/9bb000b589dea57c1d4eda3e9d719fc8b36e821035062c83d2f59107498a/grpcio-1.72.0-cp311-cp311-manylinux_2_17_aarch64.whl", hash = "sha256:9dc706ba84e4596830a46e320f9aa9295680bfc67b6d20fa5dd96db41ff41be7", size = 5618757, upload-time = "2025-04-25T13:28:31.459Z" },
    { url = "https://files.pythonhosted.org/packages/a2/28/d25bd3e0e309cd4b58f856ff584580e4e6a55b043e11b7569d2e2ad0a5e0/grpcio-1.72.0-cp311-cp311-manylinux_2_17_i686.manylinux2014_i686.whl", hash = "sha256:ac072564d1968ae0c3a5766484a66995eb04595d9148543274d543d3a658a3e0", size = 6339772, upload-time = "2025-04-25T13:28:33.606Z" },
    { url = "https://files.pythonhosted.org/packages/fc/24/97a61158ffcfddb7fbc41964d52b27fd84ff2d7d05a3fc8b7e49c7a67fa4/grpcio-1.72.0-cp311-cp311-manylinux_2_17_x86_64.manylinux2014_x86_64.whl", hash = "sha256:8fcabca30543dcfdbe2fe09e743a7bebd4acdb16b1568a0822724cf4ade0512f", size = 5927144, upload-time = "2025-04-25T13:28:36.334Z" },
    { url = "https://files.pythonhosted.org/packages/28/af/be6ffd389f8e8aa57a96929e0e3d10022bb44499dda5af831b603ff705b4/grpcio-1.72.0-cp311-cp311-musllinux_1_1_aarch64.whl", hash = "sha256:cf3605dc38ced064f237872ca71f67513dab58825988e9c96b0433f37b6157f8", size = 6037999, upload-time = "2025-04-25T13:28:38.543Z" },
    { url = "https://files.pythonhosted.org/packages/74/dc/adc509fc90e35c04c519939ab88377a0b3fb9fda74902843e4cfda648d70/grpcio-1.72.0-cp311-cp311-musllinux_1_1_i686.whl", hash = "sha256:69152f5d2e2df0f0c83787794bc85e8bd02f283b57dcbfae18e488e8fa477a7d", size = 6655176, upload-time = "2025-04-25T13:28:40.779Z" },
    { url = "https://files.pythonhosted.org/packages/ac/ba/bbd1191f105c52adda8092d4162e97168e9f8ba06a600984d798abbe5d73/grpcio-1.72.0-cp311-cp311-musllinux_1_1_x86_64.whl", hash = "sha256:6cfa0259d3b10bbff45081cb62f3db7cffd29db555be2ccfc37777fa950387e2", size = 6206491, upload-time = "2025-04-25T13:28:42.939Z" },
    { url = "https://files.pythonhosted.org/packages/5f/89/1697cdfe9a39fa383d153946634f4b13a3e937f40b6eb8add2d3759adef6/grpcio-1.72.0-cp311-cp311-win32.whl", hash = "sha256:0c9834a8b7855cba0339531301de9d358ce282ebda12991d389bf465d00e24fa", size = 3625362, upload-time = "2025-04-25T13:28:44.926Z" },
    { url = "https://files.pythonhosted.org/packages/71/d7/c417e39804a2e08075b6ffafa924e9a748336a31c6b8464bd626edfb78bb/grpcio-1.72.0-cp311-cp311-win_amd64.whl", hash = "sha256:1932d64a039de03330e2d32245b2f3c7476fe8e4da5390c02b19a53577f7c963", size = 4295252, upload-time = "2025-04-25T13:28:47.068Z" },
    { url = "https://files.pythonhosted.org/packages/d0/03/be7862627a7b24215fcfed84eff3f10b027c4534bb4c7182c91d5e609c09/grpcio-1.72.0-cp312-cp312-linux_armv7l.whl", hash = "sha256:f1917a8820076496025264e26814768654dbc3c1073f953b7bdc97160d2b8a17", size = 5182903, upload-time = "2025-04-25T13:28:49.262Z" },
    { url = "https://files.pythonhosted.org/packages/7b/9a/2a0b6a32fad63ed2762ac2482cb06ec6628db7247c481d68f8fc6b08797e/grpcio-1.72.0-cp312-cp312-macosx_14_0_arm64.whl", hash = "sha256:b6874fa2d531b8e97ef858b5bbf6fc6cca8d88d66d5ad5035899a4b1168f0522", size = 10322078, upload-time = "2025-04-25T13:28:51.728Z" },
    { url = "https://files.pythonhosted.org/packages/80/51/78cea59da7a20d91274b5b9bcac55b15201fd2d4447a692d65b794e16334/grpcio-1.72.0-cp312-cp312-manylinux_2_17_aarch64.whl", hash = "sha256:43b639988207e4423adadcd45d9df1b9c8ee5136367f6fb0d2973312901d7aa9", size = 5586145, upload-time = "2025-04-25T13:28:54.313Z" },
    { url = "https://files.pythonhosted.org/packages/00/d9/495ef3f560ce840d8b4d2c7b1dd42d6feab7b2ad6617f9204708fbec4ed2/grpcio-1.72.0-cp312-cp312-manylinux_2_17_i686.manylinux2014_i686.whl", hash = "sha256:efd1564835c426e1a4cba265dcd2d75464dc354766fd8749926b40d18a84fd1b", size = 6302281, upload-time = "2025-04-25T13:28:56.573Z" },
    { url = "https://files.pythonhosted.org/packages/61/6c/204608fdc12ac943a9a666d9ed70187e64e51ceb0659e32e6b03ef2f5c1e/grpcio-1.72.0-cp312-cp312-manylinux_2_17_x86_64.manylinux2014_x86_64.whl", hash = "sha256:45eefdbfc84ed423c8ef3c7e1896a39718f94dab3898d1f6903100478d16c138", size = 5895932, upload-time = "2025-04-25T13:28:58.82Z" },
    { url = "https://files.pythonhosted.org/packages/3c/26/0c48b6b7c16f568950e8a97af11a4e73f324252e11b61357901401ad81fd/grpcio-1.72.0-cp312-cp312-musllinux_1_1_aarch64.whl", hash = "sha256:5595339f35cc98814447a0be4edbf0e9adac9d59e75a185ae73c781d549f7222", size = 6016954, upload-time = "2025-04-25T13:29:01.07Z" },
    { url = "https://files.pythonhosted.org/packages/e5/2b/1e792e585428daf3dbd530013e426b1e0cf8a55ddbc1ceca28821253fe25/grpcio-1.72.0-cp312-cp312-musllinux_1_1_i686.whl", hash = "sha256:17dfd1fce34f49ecc831c371f0c7a72c028a83be3af97c694d4779a52a4ac056", size = 6646698, upload-time = "2025-04-25T13:29:03.971Z" },
    { url = "https://files.pythonhosted.org/packages/94/01/7a1f173b3e8da45302ebb7ceb84b42baf0bb1dadf5bbb9042ccf3aa145e2/grpcio-1.72.0-cp312-cp312-musllinux_1_1_x86_64.whl", hash = "sha256:bf3f903a04a0f863b407f3efae3ce7970a4b61c3a4459fe552102cd14804cd1d", size = 6195898, upload-time = "2025-04-25T13:29:06.431Z" },
    { url = "https://files.pythonhosted.org/packages/ba/39/586cd9b6af1ee7a4a561a5bf6cdf47b137e2f6935e6de14dcc2b095556d3/grpcio-1.72.0-cp312-cp312-win32.whl", hash = "sha256:ff3610a55d41aa6d63a02316003c70ee85b5b73d8f5b3aba3222072bfc74d72d", size = 3611541, upload-time = "2025-04-25T13:29:08.528Z" },
    { url = "https://files.pythonhosted.org/packages/eb/70/477316005e70e84bcedd9d9cb1e350c8561f2c24c15fa0b4a314a7bc8ec8/grpcio-1.72.0-cp312-cp312-win_amd64.whl", hash = "sha256:a66a6f5833c68a9899eaa992ab08ecb43b6e3335f4530f6bd4b6d3c0bc6bcef6", size = 4282376, upload-time = "2025-04-25T13:29:11.424Z" },
    { url = "https://files.pythonhosted.org/packages/7b/34/bc1fae5a084d443ea0f99a8b05dd9bf64d65b91a6fc4d709d8e37f269f92/grpcio-1.72.0-cp313-cp313-linux_armv7l.whl", hash = "sha256:747fe0edd9d2f1dbf13457d0388bca4c33edf4a41ade156dfe244d78fec12b81", size = 5183601, upload-time = "2025-04-25T13:29:14.569Z" },
    { url = "https://files.pythonhosted.org/packages/de/09/d0da9da0ae17e2bbd206a631cc73c8b2645d7c4b54d8b2015bb32b4b6991/grpcio-1.72.0-cp313-cp313-macosx_11_0_universal2.whl", hash = "sha256:ef726c61686ee4d816fa46e8425157e30f2ec6a295bb52ac21b3e5664ec5b89e", size = 10324760, upload-time = "2025-04-25T13:29:17.088Z" },
    { url = "https://files.pythonhosted.org/packages/8a/0f/e1dd8102522ccfb0f39bca532e7ae489924dccc191957c7320194952d29b/grpcio-1.72.0-cp313-cp313-manylinux_2_17_aarch64.whl", hash = "sha256:30a7220ef4fa1eb9e86ddcccdee8bc50ed899a78511ced5460cb0987c8415f93", size = 5587163, upload-time = "2025-04-25T13:29:20.434Z" },
    { url = "https://files.pythonhosted.org/packages/ed/24/e930764eb7b7c7c65f6315cca0360389e917963ac63bf34320399a6ac307/grpcio-1.72.0-cp313-cp313-manylinux_2_17_i686.manylinux2014_i686.whl", hash = "sha256:182389843a59617ee4cfcb31b80c650b4c447cb33aa0a106055ae8c266dd04cb", size = 6303265, upload-time = "2025-04-25T13:29:23.147Z" },
    { url = "https://files.pythonhosted.org/packages/6a/17/e1dc4244ebbf288a9f9f594fbb0ff698c093fb7ec02f5f46c3d8d5b51730/grpcio-1.72.0-cp313-cp313-manylinux_2_17_x86_64.manylinux2014_x86_64.whl", hash = "sha256:1f5a6c32c055ed516063a396bd16541384d761085ff788aa30792dfc4d7162e0", size = 5896261, upload-time = "2025-04-25T13:29:25.677Z" },
    { url = "https://files.pythonhosted.org/packages/52/57/24338fc9f42eaed4a1fa8a5b2674d19331db624fe8ff76751f8ff8df806f/grpcio-1.72.0-cp313-cp313-musllinux_1_1_aarch64.whl", hash = "sha256:e9e473866ed03313d3b4d41ca7d1fce70773eddd2587eeddd1a01feadd5a984e", size = 6018543, upload-time = "2025-04-25T13:29:27.971Z" },
    { url = "https://files.pythonhosted.org/packages/66/01/24bfce9c181bedc8aad750df3fe7a75412218c7b00370d85e41a756ac514/grpcio-1.72.0-cp313-cp313-musllinux_1_1_i686.whl", hash = "sha256:5e57eb7e37dd5ef747325f2ea7948ad9534534b8d28f5a5cd5427e71f881437d", size = 6650129, upload-time = "2025-04-25T13:29:30.546Z" },
    { url = "https://files.pythonhosted.org/packages/69/51/88df26c1db682773a6975c64e944ba7371dfcf5eb2332fbfc230a5385634/grpcio-1.72.0-cp313-cp313-musllinux_1_1_x86_64.whl", hash = "sha256:8de2fc028f46077a2b8580bc92186981b7b77ad7dc4edee16065c5dcd13f610a", size = 6197122, upload-time = "2025-04-25T13:29:33.826Z" },
    { url = "https://files.pythonhosted.org/packages/f5/c6/73e7499518199100f36a4561ea9416d7cdcba085ee78547f6ccac0724f3b/grpcio-1.72.0-cp313-cp313-win32.whl", hash = "sha256:bdbe17df390d8e8f2320c52de021fe1700ea671e9681ee67f3604d86db9292ee", size = 3610635, upload-time = "2025-04-25T13:29:36.871Z" },
    { url = "https://files.pythonhosted.org/packages/9d/bf/f1ee6153ae6f32e5858607306e01896f6298431ef55e7ad0af3ff2bfa124/grpcio-1.72.0-cp313-cp313-win_amd64.whl", hash = "sha256:27436c886e4d3c99555ea32273d610d45ddc3533fbcd002f5249972716a40f57", size = 4283778, upload-time = "2025-04-25T13:29:39.437Z" },
]

[[package]]
name = "protobuf"
version = "6.33.2"
source = { registry = "https://pypi.org/simple" }
sdist = { url = "https://files.pythonhosted.org/packages/34/44/e49ecff446afeec9d1a66d6bbf9adc21e3c7cea7803a920ca3773379d4f6/protobuf-6.33.2.tar.gz", hash = "sha256:56dc370c91fbb8ac85bc13582c9e373569668a290aa2e66a590c2a0d35ddb9e4", size = 444296, upload-time = "2025-12-06T00:17:53.311Z" }
wheels = [
    { url = "https://files.pythonhosted.org/packages/bc/91/1e3a34881a88697a7354ffd177e8746e97a722e5e8db101544b47e84afb1/protobuf-6.33.2-cp310-abi3-win32.whl", hash = "sha256:87eb388bd2d0f78febd8f4c8779c79247b26a5befad525008e49a6955787ff3d", size = 425603, upload-time = "2025-12-06T00:17:41.114Z" },
    { url = "https://files.pythonhosted.org/packages/64/20/4d50191997e917ae13ad0a235c8b42d8c1ab9c3e6fd455ca16d416944355/protobuf-6.33.2-cp310-abi3-win_amd64.whl", hash = "sha256:fc2a0e8b05b180e5fc0dd1559fe8ebdae21a27e81ac77728fb6c42b12c7419b4", size = 436930, upload-time = "2025-12-06T00:17:43.278Z" },
    { url = "https://files.pythonhosted.org/packages/b2/ca/7e485da88ba45c920fb3f50ae78de29ab925d9e54ef0de678306abfbb497/protobuf-6.33.2-cp39-abi3-macosx_10_9_universal2.whl", hash = "sha256:d9b19771ca75935b3a4422957bc518b0cecb978b31d1dd12037b088f6bcc0e43", size = 427621, upload-time = "2025-12-06T00:17:44.445Z" },
    { url = "https://files.pythonhosted.org/packages/7d/4f/f743761e41d3b2b2566748eb76bbff2b43e14d5fcab694f494a16458b05f/protobuf-6.33.2-cp39-abi3-manylinux2014_aarch64.whl", hash = "sha256:b5d3b5625192214066d99b2b605f5783483575656784de223f00a8d00754fc0e", size = 324460, upload-time = "2025-12-06T00:17:45.678Z" },
    { url = "https://files.pythonhosted.org/packages/b1/fa/26468d00a92824020f6f2090d827078c09c9c587e34cbfd2d0c7911221f8/protobuf-6.33.2-cp39-abi3-manylinux2014_s390x.whl", hash = "sha256:8cd7640aee0b7828b6d03ae518b5b4806fdfc1afe8de82f79c3454f8aef29872", size = 339168, upload-time = "2025-12-06T00:17:46.813Z" },
    { url = "https://files.pythonhosted.org/packages/56/13/333b8f421738f149d4fe5e49553bc2a2ab75235486259f689b4b91f96cec/protobuf-6.33.2-cp39-abi3-manylinux2014_x86_64.whl", hash = "sha256:1f8017c48c07ec5859106533b682260ba3d7c5567b1ca1f24297ce03384d1b4f", size = 323270, upload-time = "2025-12-06T00:17:48.253Z" },
    { url = "https://files.pythonhosted.org/packages/0e/15/4f02896cc3df04fc465010a4c6a0cd89810f54617a32a70ef531ed75d61c/protobuf-6.33.2-py3-none-any.whl", hash = "sha256:7636aad9bb01768870266de5dc009de2d1b936771b38a793f73cbbf279c91c5c", size = 170501, upload-time = "2025-12-06T00:17:52.211Z" },
]
